
Microsoft Visual Studio Solution File, Format Version 12.00
# Visual Studio Version 17
VisualStudioVersion = 17.13.35931.197 d17.13
MinimumVisualStudioVersion = 10.0.40219.1
Project("{FAE04EC0-301F-11D3-BF4B-00C04F79EFBC}") = "TH.Lab2.15", "TH.Lab2.15.csproj", "{B44A6E40-49BB-45D8-AAA8-2A365B9F4B9F}"
EndProject
Global
	GlobalSection(SolutionConfigurationPlatforms) = preSolution
		Debug|Any CPU = Debug|Any CPU
		Release|Any CPU = Release|Any CPU
	EndGlobalSection
	GlobalSection(ProjectConfigurationPlatforms) = postSolution
		{B44A6E40-49BB-45D8-AAA8-2A365B9F4B9F}.Debug|Any CPU.ActiveCfg = Debug|Any CPU
		{B44A6E40-49BB-45D8-AAA8-2A365B9F4B9F}.Debug|Any CPU.Build.0 = Debug|Any CPU
		{B44A6E40-49BB-45D8-AAA8-2A365B9F4B9F}.Release|Any CPU.ActiveCfg = Release|Any CPU
		{B44A6E40-49BB-45D8-AAA8-2A365B9F4B9F}.Release|Any CPU.Build.0 = Release|Any CPU
	EndGlobalSection
	GlobalSection(SolutionProperties) = preSolution
		HideSolutionNode = FALSE
	EndGlobalSection
	GlobalSection(ExtensibilityGlobals) = postSolution
		SolutionGuid = {E9C0FD98-C0B6-4EC8-B9BD-48DFDAE8565D}
	EndGlobalSection
EndGlobal
